# This file is autogenerated, do not edit; changes may be undone by the next 'dep ensure'.


[[projects]]
  digest = "1:8bc120fdc765dd0e387750eb059d5e795a782a8fb9683644b4a525d36d3ae3ac"
  name = "github.com/Mnwa/ReconEngine"
  packages = ["."]
  pruneopts = "UT"
  revision = "491344a7f027bd1824d2a980d61b467a8db34ed7"
  version = "3.0"

[[projects]]
  digest = "1:ba1ec6376854b9bb09599c6e82e6dcf09786a065a136107a7ee6404b0d912bcb"
  name = "github.com/Mnwa/fasthttprouter-prometheus"
  packages = ["."]
  pruneopts = "UT"
  revision = "a12d40b15b9e9a9c3b66255b77cc8896984a6843"
  version = "1.1"

[[projects]]
  digest = "1:d6afaeed1502aa28e80a4ed0981d570ad91b2579193404256ce672ed0a609e0d"
  name = "github.com/beorn7/perks"
  packages = ["quantile"]
  pruneopts = "UT"
  revision = "4b2b341e8d7715fae06375aa633dbb6e91b3fb46"
  version = "v1.0.0"

[[projects]]
  digest = "1:44ff126fcae7e31342c570efcd7eae3a193d550e7caf99e2aafd402ee3fbc762"
  name = "github.com/fasthttp/router"
  packages = ["."]
  pruneopts = "UT"
  revision = "ea7c9712bc1944c11785e5d7508f97056e88b72b"
  version = "v0.5.2"

[[projects]]
  digest = "1:48092bf6632f55839850666c33469f546f6d45fdbd59a66759ec12e84d853dc2"
  name = "github.com/gogo/protobuf"
  packages = ["proto"]
  pruneopts = "UT"
  revision = "ba06b47c162d49f2af050fb4c75bcbc86a159d5c"
  version = "v1.2.1"

[[projects]]
  digest = "1:318f1c959a8a740366fce4b1e1eb2fd914036b4af58fbd0a003349b305f118ad"
  name = "github.com/golang/protobuf"
  packages = ["proto"]
  pruneopts = "UT"
  revision = "b5d812f8a3706043e23a9cd5babf2e5423744d30"
  version = "v1.3.1"

[[projects]]
  digest = "1:aaa8e0e7e35d92e21daed3f241832cee73d15ca1cd3302ba3843159a959a7eac"
  name = "github.com/klauspost/compress"
  packages = [
    "flate",
    "gzip",
    "zlib",
  ]
  pruneopts = "UT"
  revision = "30be6041bed523c18e269a700ebd9c2ea9328574"
  version = "v1.4.1"

[[projects]]
  digest = "1:2d643962fac133904694fffa959bc3c5dcfdcee38c6f5ffdd99a3c93eb9c835c"
  name = "github.com/klauspost/cpuid"
  packages = ["."]
  pruneopts = "UT"
  revision = "e7e905edc00ea8827e58662220139109efea09db"
  version = "v1.2.0"

[[projects]]
  digest = "1:ff5ebae34cfbf047d505ee150de27e60570e8c394b3b8fdbb720ff6ac71985fc"
  name = "github.com/matttproud/golang_protobuf_extensions"
  packages = ["pbutil"]
  pruneopts = "UT"
  revision = "c12348ce28de40eed0136aa2b644d0ee0650e56c"
  version = "v1.0.1"

[[projects]]
  digest = "1:93a746f1060a8acbcf69344862b2ceced80f854170e1caae089b2834c5fbf7f4"
  name = "github.com/prometheus/client_golang"
  packages = [
    "prometheus",
    "prometheus/internal",
    "prometheus/promhttp",
  ]
  pruneopts = "UT"
  revision = "505eaef017263e299324067d40ca2c48f6a2cf50"
  version = "v0.9.2"

[[projects]]
  branch = "master"
  digest = "1:2d5cd61daa5565187e1d96bae64dbbc6080dacf741448e9629c64fd93203b0d4"
  name = "github.com/prometheus/client_model"
  packages = ["go"]
  pruneopts = "UT"
  revision = "fd36f4220a901265f90734c3183c5f0c91daa0b8"

[[projects]]
  digest = "1:35cf6bdf68db765988baa9c4f10cc5d7dda1126a54bd62e252dbcd0b1fc8da90"
  name = "github.com/prometheus/common"
  packages = [
    "expfmt",
    "internal/bitbucket.org/ww/goautoneg",
    "model",
  ]
  pruneopts = "UT"
  revision = "a82f4c12f983cc2649298185f296632953e50d3e"
  version = "v0.3.0"

[[projects]]
  branch = "master"
  digest = "1:49b09905e781d7775c086604cc00083e1832d0783f1f421b79f42657c457d029"
  name = "github.com/prometheus/procfs"
  packages = ["."]
  pruneopts = "UT"
  revision = "8368d24ba045f26503eb745b624d930cbe214c79"

[[projects]]
  branch = "master"
  digest = "1:8232b87605be15cba8bb9b5089d91a79bb678406aa8b48aaf7b582a104aa5b14"
  name = "github.com/savsgio/gotils"
  packages = ["."]
  pruneopts = "UT"
  revision = "524bc4f475005d9dbedc1bc77248a07aef318ef0"

[[projects]]
  digest = "1:c468422f334a6b46a19448ad59aaffdfc0a36b08fdcc1c749a0b29b6453d7e59"
  name = "github.com/valyala/bytebufferpool"
  packages = ["."]
  pruneopts = "UT"
  revision = "e746df99fe4a3986f4d4f79e13c1e0117ce9c2f7"
  version = "v1.0.0"

[[projects]]
  digest = "1:a21ebfebeaecf898c8e071c3cd8244263e752b0ba91378fd39c4a1e570d03732"
  name = "github.com/valyala/fasthttp"
  packages = [
    ".",
    "fasthttpadaptor",
    "fasthttputil",
    "stackless",
  ]
  pruneopts = "UT"
  revision = "4489df89cb8e5101dc1e80a2bc0f1e55b2295e31"
  version = "v1.6.0"

[solve-meta]
  analyzer-name = "dep"
  analyzer-version = 1
  input-imports = [
    "github.com/Mnwa/ReconEngine",
    "github.com/Mnwa/fasthttprouter-prometheus",
    "github.com/fasthttp/router",
    "github.com/gogo/protobuf/proto",
    "github.com/golang/protobuf/proto",
    "github.com/valyala/fasthttp",
  ]
  solver-name = "gps-cdcl"
  solver-version = 1
